<?xml version="1.0" encoding="utf-8"?>
<Project ToolsVersion="4.0" xmlns="http://schemas.microsoft.com/developer/msbuild/2003">
  <ItemGroup>
    <ClCompile Include="CaviarDreams.cpp" />
    <ClCompile Include="recvproxy.cpp" />
    <ClCompile Include="Autowall.cpp" />
    <ClCompile Include="Chams.cpp" />
    <ClCompile Include="Configuration.cpp" />
    <ClCompile Include="DLLMain.cpp" />
    <ClCompile Include="EnginePrediction.cpp" />
    <ClCompile Include="ESP.cpp" />
    <ClCompile Include="Global.cpp" />
    <ClCompile Include="GrenadePrediction.cpp" />
    <ClCompile Include="Hooks.cpp" />
    <ClCompile Include="imgui\examples\directx9_example\imgui_impl_dx9.cpp" />
    <ClCompile Include="imgui\imgui.cpp" />
    <ClCompile Include="imgui\imgui_draw.cpp" />
    <ClCompile Include="Interfaces.cpp" />
    <ClCompile Include="LagComp.cpp" />
    <ClCompile Include="LegitBot.cpp" />
    <ClCompile Include="MathFunctions.cpp" />
    <ClCompile Include="memesets.cpp" />
    <ClCompile Include="Misc.cpp" />
    <ClCompile Include="NetVarManager.cpp" />
    <ClCompile Include="RageBot.cpp" />
    <ClCompile Include="Renderer.cpp" />
    <ClCompile Include="Render.cpp" />
    <ClCompile Include="SpoofedConvar.cpp" />
    <ClCompile Include="tinyxml2.cpp" />
    <ClCompile Include="MiscFunctions.cpp" />
    <ClCompile Include="Utilities.cpp" />
  </ItemGroup>
  <ItemGroup>
    <ClInclude Include="AntiLeak.h" />
    <ClInclude Include="CaviarDreams.h" />
    <ClInclude Include="DoPostScreenSpaceEffects.h" />
    <ClInclude Include="dropboxes.h" />
    <ClInclude Include="IsConnected.h" />
    <ClInclude Include="IsHltv.h" />
    <ClInclude Include="Listener.h" />
    <ClInclude Include="Logging.h" />
    <ClInclude Include="recvproxy.h" />
    <ClInclude Include="Autowall.h" />
    <ClInclude Include="BaseClient.h" />
    <ClInclude Include="bspflags.h" />
    <ClInclude Include="Chams.h" />
    <ClInclude Include="CommonIncludes.h" />
    <ClInclude Include="Configuration.hpp" />
    <ClInclude Include="CreateMove.h" />
    <ClInclude Include="DrawModelExecute.h" />
    <ClInclude Include="EngineClient.h" />
    <ClInclude Include="EnginePrediction.h" />
    <ClInclude Include="Entities.h" />
    <ClInclude Include="ESP.h" />
    <ClInclude Include="FindMDL.h" />
    <ClInclude Include="FireEventClientSide.h" />
    <ClInclude Include="FrameStageNotify.h" />
    <ClInclude Include="Global.h" />
    <ClInclude Include="GloveChanger.h" />
    <ClInclude Include="GrenadePrediction.h" />
    <ClInclude Include="HookIncludes.h" />
    <ClInclude Include="Hooks.h" />
    <ClInclude Include="HooksList.h" />
    <ClInclude Include="IDirect3DDevice9.h" />
    <ClInclude Include="imgui\examples\directx9_example\imgui_impl_dx9.h" />
    <ClInclude Include="imgui\imconfig.h" />
    <ClInclude Include="imgui\imgui.h" />
    <ClInclude Include="imgui\imgui_internal.h" />
    <ClInclude Include="imgui\stb_rect_pack.h" />
    <ClInclude Include="imgui\stb_textedit.h" />
    <ClInclude Include="imgui\stb_truetype.h" />
    <ClInclude Include="InPrediction.h" />
    <ClInclude Include="Interface.h" />
    <ClInclude Include="Interfaces.h" />
    <ClInclude Include="ItemDefinitions.h" />
    <ClInclude Include="LagComp.h" />
    <ClInclude Include="LegitBot.h" />
    <ClInclude Include="Materials.h" />
    <ClInclude Include="MathFunctions.h" />
    <ClInclude Include="memesets.h" />
    <ClInclude Include="MiscClasses.h" />
    <ClInclude Include="MiscDefinitions.h" />
    <ClInclude Include="Misc.h" />
    <ClInclude Include="MovementRecorder.h" />
    <ClInclude Include="NetVarManager.h" />
    <ClInclude Include="OnScreenSizeChanged.h" />
    <ClInclude Include="OverrideView.h" />
    <ClInclude Include="PaintTraverse.h" />
    <ClInclude Include="PlaySound.h" />
    <ClInclude Include="PredictionSystem.h" />
    <ClInclude Include="RageBot.h" />
    <ClInclude Include="Renderer.h" />
    <ClInclude Include="Render.h" />
    <ClInclude Include="Resolver.h" />
    <ClInclude Include="resource.h" />
    <ClInclude Include="SDK.h" />
    <ClInclude Include="SkinChanger.h" />
    <ClInclude Include="Sounds.h" />
    <ClInclude Include="Surface.h" />
    <ClInclude Include="SvCheatsGetBool.h" />
    <ClInclude Include="Tabs.h" />
    <ClInclude Include="Themes.h" />
    <ClInclude Include="tinyxml2.h" />
    <ClInclude Include="MiscFunctions.h" />
    <ClInclude Include="Utilities.h" />
    <ClInclude Include="UtlBuffer.hpp" />
    <ClInclude Include="UtlMemory.hpp" />
    <ClInclude Include="UtlString.hpp" />
    <ClInclude Include="UtlVector.hpp" />
    <ClInclude Include="Variables.h" />
    <ClInclude Include="Vector.h" />
    <ClInclude Include="Vector2D.h" />
    <ClInclude Include="vmthook.h" />
    <ClInclude Include="XorStr.hpp" />
  </ItemGroup>
</Project>